
Microsoft Visual Studio Solution File, Format Version 12.00
# Visual Studio Version 17
VisualStudioVersion = 17.14.36414.22 d17.14
MinimumVisualStudioVersion = 10.0.40219.1
Project("{FAE04EC0-301F-11D3-BF4B-00C04F79EFBC}") = "Test", "Test.csproj", "{48DA727D-5692-4735-AC19-058EE33A0577}"
EndProject
Global
	GlobalSection(SolutionConfigurationPlatforms) = preSolution
		Debug|Any CPU = Debug|Any CPU
		Release|Any CPU = Release|Any CPU
	EndGlobalSection
	GlobalSection(ProjectConfigurationPlatforms) = postSolution
		{48DA727D-5692-4735-AC19-058EE33A0577}.Debug|Any CPU.ActiveCfg = Debug|Any CPU
		{48DA727D-5692-4735-AC19-058EE33A0577}.Debug|Any CPU.Build.0 = Debug|Any CPU
		{48DA727D-5692-4735-AC19-058EE33A0577}.Release|Any CPU.ActiveCfg = Release|Any CPU
		{48DA727D-5692-4735-AC19-058EE33A0577}.Release|Any CPU.Build.0 = Release|Any CPU
	EndGlobalSection
	GlobalSection(SolutionProperties) = preSolution
		HideSolutionNode = FALSE
	EndGlobalSection
	GlobalSection(ExtensibilityGlobals) = postSolution
		SolutionGuid = {BCC73770-928D-4F45-BDF3-A1C052716058}
	EndGlobalSection
EndGlobal
