
Microsoft Visual Studio Solution File, Format Version 12.00
# Visual Studio Version 17
VisualStudioVersion = 17.14.36414.22 d17.14
MinimumVisualStudioVersion = 10.0.40219.1
Project("{FAE04EC0-301F-11D3-BF4B-00C04F79EFBC}") = "DemoLab", "DemoLab.csproj", "{AF40EBF8-D79D-406C-B6A3-EE3E7B80A4BF}"
EndProject
Global
	GlobalSection(SolutionConfigurationPlatforms) = preSolution
		Debug|Any CPU = Debug|Any CPU
		Release|Any CPU = Release|Any CPU
	EndGlobalSection
	GlobalSection(ProjectConfigurationPlatforms) = postSolution
		{AF40EBF8-D79D-406C-B6A3-EE3E7B80A4BF}.Debug|Any CPU.ActiveCfg = Debug|Any CPU
		{AF40EBF8-D79D-406C-B6A3-EE3E7B80A4BF}.Debug|Any CPU.Build.0 = Debug|Any CPU
		{AF40EBF8-D79D-406C-B6A3-EE3E7B80A4BF}.Release|Any CPU.ActiveCfg = Release|Any CPU
		{AF40EBF8-D79D-406C-B6A3-EE3E7B80A4BF}.Release|Any CPU.Build.0 = Release|Any CPU
	EndGlobalSection
	GlobalSection(SolutionProperties) = preSolution
		HideSolutionNode = FALSE
	EndGlobalSection
	GlobalSection(ExtensibilityGlobals) = postSolution
		SolutionGuid = {D674D235-65E1-4A48-916C-2D826482B42B}
	EndGlobalSection
EndGlobal
