
Microsoft Visual Studio Solution File, Format Version 12.00
# Visual Studio Version 17
VisualStudioVersion = 17.14.36414.22 d17.14
MinimumVisualStudioVersion = 10.0.40219.1
Project("{FAE04EC0-301F-11D3-BF4B-00C04F79EFBC}") = "DayLabTh2", "DayLabTh2.csproj", "{451D5E81-FC86-4CAD-8ECE-F990363C5391}"
EndProject
Global
	GlobalSection(SolutionConfigurationPlatforms) = preSolution
		Debug|Any CPU = Debug|Any CPU
		Release|Any CPU = Release|Any CPU
	EndGlobalSection
	GlobalSection(ProjectConfigurationPlatforms) = postSolution
		{451D5E81-FC86-4CAD-8ECE-F990363C5391}.Debug|Any CPU.ActiveCfg = Debug|Any CPU
		{451D5E81-FC86-4CAD-8ECE-F990363C5391}.Debug|Any CPU.Build.0 = Debug|Any CPU
		{451D5E81-FC86-4CAD-8ECE-F990363C5391}.Release|Any CPU.ActiveCfg = Release|Any CPU
		{451D5E81-FC86-4CAD-8ECE-F990363C5391}.Release|Any CPU.Build.0 = Release|Any CPU
	EndGlobalSection
	GlobalSection(SolutionProperties) = preSolution
		HideSolutionNode = FALSE
	EndGlobalSection
	GlobalSection(ExtensibilityGlobals) = postSolution
		SolutionGuid = {51A22BAB-AA2B-4285-9D77-F295629A182A}
	EndGlobalSection
EndGlobal
