
Microsoft Visual Studio Solution File, Format Version 12.00
# Visual Studio Version 17
VisualStudioVersion = 17.14.36414.22
MinimumVisualStudioVersion = 10.0.40219.1
Project("{FAE04EC0-301F-11D3-BF4B-00C04F79EFBC}") = "ShopManager", "ShopManager.csproj", "{AB5489E7-D8E3-4799-8DD1-6F00C770FCA4}"
EndProject
Global
	GlobalSection(SolutionConfigurationPlatforms) = preSolution
		Debug|Any CPU = Debug|Any CPU
		Release|Any CPU = Release|Any CPU
	EndGlobalSection
	GlobalSection(ProjectConfigurationPlatforms) = postSolution
		{AB5489E7-D8E3-4799-8DD1-6F00C770FCA4}.Debug|Any CPU.ActiveCfg = Debug|Any CPU
		{AB5489E7-D8E3-4799-8DD1-6F00C770FCA4}.Debug|Any CPU.Build.0 = Debug|Any CPU
		{AB5489E7-D8E3-4799-8DD1-6F00C770FCA4}.Release|Any CPU.ActiveCfg = Release|Any CPU
		{AB5489E7-D8E3-4799-8DD1-6F00C770FCA4}.Release|Any CPU.Build.0 = Release|Any CPU
	EndGlobalSection
	GlobalSection(SolutionProperties) = preSolution
		HideSolutionNode = FALSE
	EndGlobalSection
	GlobalSection(ExtensibilityGlobals) = postSolution
		SolutionGuid = {C16A441C-1A50-4F7E-A29C-CDCB828F999C}
	EndGlobalSection
EndGlobal
